PODS:
  - Capacitor (7.4.4):
    - CapacitorCordova
  - CapacitorApp (8.0.0):
    - Capacitor
  - CapacitorCamera (7.0.2):
    - Capacitor
  - CapacitorCordova (7.4.4)
  - CapacitorGeolocation (8.0.0):
    - Capacitor
    - IONGeolocationLib (= 2.0.0)
  - IONGeolocationLib (2.0.0)
  - StripeTerminal (5.2.0)

DEPENDENCIES:
  - "Capacitor (from `../../node_modules/@capacitor/ios`)"
  - "CapacitorApp (from `../../node_modules/@capacitor/app`)"
  - "CapacitorCamera (from `../../node_modules/@capacitor/camera`)"
  - "CapacitorCordova (from `../../node_modules/@capacitor/ios`)"
  - "CapacitorGeolocation (from `../../node_modules/@capacitor/geolocation`)"
  - StripeTerminal

SPEC REPOS:
  trunk:
    - IONGeolocationLib
    - StripeTerminal

EXTERNAL SOURCES:
  Capacitor:
    :path: "../../node_modules/@capacitor/ios"
  CapacitorApp:
    :path: "../../node_modules/@capacitor/app"
  CapacitorCamera:
    :path: "../../node_modules/@capacitor/camera"
  CapacitorCordova:
    :path: "../../node_modules/@capacitor/ios"
  CapacitorGeolocation:
    :path: "../../node_modules/@capacitor/geolocation"

SPEC CHECKSUMS:
  Capacitor: 358dd1c3fdd71d969547b17e159fd8a7736cb45f
  CapacitorApp: 3963a84197280757b84f126afd1520a85ae3b092
  CapacitorCamera: f9e54db0a18bb218a8dc360907d63aaefe9209ff
  CapacitorCordova: bf648a636f3c153f652d312ae145fb508b6ffced
  CapacitorGeolocation: 8a405e707de9aff6ac9eca7f408966a370f7ca33
  IONGeolocationLib: a5e40b54edc2ee9902036eda5aaa41ddf07bb68d
  StripeTerminal: ebc49b62056ffa89f64ab024a4e7f80c1ef5219b

PODFILE CHECKSUM: e23c5f4cd79b27261934a4a00a6dbb0234ab179e

COCOAPODS: 1.16.2
